
Microsoft Visual Studio Solution File, Format Version 12.00
# Visual Studio Version 17
VisualStudioVersion = 17.0.31912.275
MinimumVisualStudioVersion = 10.0.40219.1
Project("{FAE04EC0-301F-11D3-BF4B-00C04F79EFBC}") = "filename to list", "filename to list\filename to list.csproj", "{E28014EC-5D0F-4DF9-8748-4AD236353093}"
EndProject
Global
	GlobalSection(SolutionConfigurationPlatforms) = preSolution
		Debug|Any CPU = Debug|Any CPU
		Release|Any CPU = Release|Any CPU
	EndGlobalSection
	GlobalSection(ProjectConfigurationPlatforms) = postSolution
		{E28014EC-5D0F-4DF9-8748-4AD236353093}.Debug|Any CPU.ActiveCfg = Debug|Any CPU
		{E28014EC-5D0F-4DF9-8748-4AD236353093}.Debug|Any CPU.Build.0 = Debug|Any CPU
		{E28014EC-5D0F-4DF9-8748-4AD236353093}.Release|Any CPU.ActiveCfg = Release|Any CPU
		{E28014EC-5D0F-4DF9-8748-4AD236353093}.Release|Any CPU.Build.0 = Release|Any CPU
	EndGlobalSection
	GlobalSection(SolutionProperties) = preSolution
		HideSolutionNode = FALSE
	EndGlobalSection
	GlobalSection(ExtensibilityGlobals) = postSolution
		SolutionGuid = {F030982C-DE02-4BE9-82A0-DB2898D2CF10}
	EndGlobalSection
EndGlobal
